{
  "nodes": {
    "nixlib": {
      "locked": {
        "lastModified": 1663463003,
        "narHash": "sha256-X2k3WagXicaNiBswEJz3PqznEtovp1fKbuAMUMOHzeg=",
        "owner": "nix-community",
        "repo": "nixpkgs.lib",
        "rev": "30286fa7fb374fa3ffc80ac35eb7fadf572ae357",
        "type": "github"
      },
      "original": {
        "owner": "nix-community",
        "repo": "nixpkgs.lib",
        "type": "github"
      }
    },
    "nixpkgs": {
      "locked": {
        "lastModified": 1663878512,
        "narHash": "sha256-XlCqM+Hhy8LTrfWGM3Gmkx+DMLHB+BlmyWHmPTdQkGo=",
        "owner": "colemickens",
        "repo": "nixpkgs",
        "rev": "494a2785b60fbb584b3eb1aa613c6d01f6d5fe6b",
        "type": "github"
      },
      "original": {
        "owner": "colemickens",
        "ref": "stable-diff",
        "repo": "nixpkgs",
        "type": "github"
      }
    },
    "root": {
      "inputs": {
        "nixlib": "nixlib",
        "nixpkgs": "nixpkgs"
      }
    }
  },
  "root": "root",
  "version": 7
}
